
Microsoft Visual Studio Solution File, Format Version 12.00
# Visual Studio Version 16
VisualStudioVersion = 16.0.31205.134
MinimumVisualStudioVersion = 10.0.40219.1
Project("{FAE04EC0-301F-11D3-BF4B-00C04F79EFBC}") = "MarketApp", "MarketApp\MarketApp.csproj", "{AF9FE6F7-9A0E-4518-A387-52AB36164575}"
EndProject
Global
	GlobalSection(SolutionConfigurationPlatforms) = preSolution
		Debug|Any CPU = Debug|Any CPU
		Release|Any CPU = Release|Any CPU
	EndGlobalSection
	GlobalSection(ProjectConfigurationPlatforms) = postSolution
		{AF9FE6F7-9A0E-4518-A387-52AB36164575}.Debug|Any CPU.ActiveCfg = Debug|Any CPU
		{AF9FE6F7-9A0E-4518-A387-52AB36164575}.Debug|Any CPU.Build.0 = Debug|Any CPU
		{AF9FE6F7-9A0E-4518-A387-52AB36164575}.Release|Any CPU.ActiveCfg = Release|Any CPU
		{AF9FE6F7-9A0E-4518-A387-52AB36164575}.Release|Any CPU.Build.0 = Release|Any CPU
	EndGlobalSection
	GlobalSection(SolutionProperties) = preSolution
		HideSolutionNode = FALSE
	EndGlobalSection
	GlobalSection(ExtensibilityGlobals) = postSolution
		SolutionGuid = {A52B7D68-1B68-40AF-9070-C01470518C1B}
	EndGlobalSection
EndGlobal
